
Microsoft Visual Studio Solution File, Format Version 12.00
# Visual Studio 15
VisualStudioVersion = 15.0.28307.329
MinimumVisualStudioVersion = 10.0.40219.1
Project("{FAE04EC0-301F-11D3-BF4B-00C04F79EFBC}") = "k8sdemo", "k8sdemo\k8sdemo.csproj", "{7A045AA2-9F3C-4F25-9E5E-85479CD98D41}"
EndProject
Project("{2150E333-8FDC-42A3-9474-1A3956D46DE8}") = "Build", "Build", "{BB8E5808-4CB5-4ECD-96CA-AB5DD9D5E707}"
	ProjectSection(SolutionItems) = preProject
		Dockerfile = Dockerfile
	EndProjectSection
EndProject
Global
	GlobalSection(SolutionConfigurationPlatforms) = preSolution
		Debug|Any CPU = Debug|Any CPU
		Release|Any CPU = Release|Any CPU
	EndGlobalSection
	GlobalSection(ProjectConfigurationPlatforms) = postSolution
		{7A045AA2-9F3C-4F25-9E5E-85479CD98D41}.Debug|Any CPU.ActiveCfg = Debug|Any CPU
		{7A045AA2-9F3C-4F25-9E5E-85479CD98D41}.Debug|Any CPU.Build.0 = Debug|Any CPU
		{7A045AA2-9F3C-4F25-9E5E-85479CD98D41}.Release|Any CPU.ActiveCfg = Release|Any CPU
		{7A045AA2-9F3C-4F25-9E5E-85479CD98D41}.Release|Any CPU.Build.0 = Release|Any CPU
	EndGlobalSection
	GlobalSection(SolutionProperties) = preSolution
		HideSolutionNode = FALSE
	EndGlobalSection
	GlobalSection(ExtensibilityGlobals) = postSolution
		SolutionGuid = {FEC5AA40-FAE5-43A2-98A2-AFC3C7848FB9}
	EndGlobalSection
EndGlobal
